{"1.2.0",
[{<<"certifi">>,{pkg,<<"certifi">>,<<"2.12.0">>},1},
 {<<"cowboy">>,{pkg,<<"cowboy">>,<<"2.10.0">>},0},
 {<<"cowlib">>,{pkg,<<"cowlib">>,<<"2.12.1">>},1},
 {<<"hackney">>,{pkg,<<"hackney">>,<<"1.20.1">>},0},
 {<<"idna">>,{pkg,<<"idna">>,<<"6.1.1">>},1},
 {<<"jsx">>,{pkg,<<"jsx">>,<<"3.1.0">>},0},
 {<<"metrics">>,{pkg,<<"metrics">>,<<"1.0.1">>},1},
 {<<"mimerl">>,{pkg,<<"mimerl">>,<<"1.2.0">>},1},
 {<<"parse_trans">>,{pkg,<<"parse_trans">>,<<"3.4.1">>},1},
 {<<"ranch">>,{pkg,<<"ranch">>,<<"2.1.0">>},0},
 {<<"ssl_verify_fun">>,{pkg,<<"ssl_verify_fun">>,<<"1.1.6">>},1},
 {<<"unicode_util_compat">>,{pkg,<<"unicode_util_compat">>,<<"0.7.0">>},1},
 {<<"yamerl">>,{pkg,<<"yamerl">>,<<"0.10.0">>},0}]}.
[
{pkg_hash,[
 {<<"certifi">>, <<"2D1CCA2EC95F59643862AF91F001478C9863C2AC9CB6E2F89780BFD8DE987329">>},
 {<<"cowboy">>, <<"FF9FFEFF91DAE4AE270DD975642997AFE2A1179D94B1887863E43F681A203E26">>},
 {<<"cowlib">>, <<"A9FA9A625F1D2025FE6B462CB865881329B5CAFF8F1854D1CBC9F9533F00E1E1">>},
 {<<"hackney">>, <<"8D97AEC62DDDDD757D128BFD1DF6C5861093419F8F7A4223823537BAD5D064E2">>},
 {<<"idna">>, <<"8A63070E9F7D0C62EB9D9FCB360A7DE382448200FBBD1B106CC96D3D8099DF8D">>},
 {<<"jsx">>, <<"D12516BAA0BB23A59BB35DCCAF02A1BD08243FCBB9EFE24F2D9D056CCFF71268">>},
 {<<"metrics">>, <<"25F094DEA2CDA98213CECC3AEFF09E940299D950904393B2A29D191C346A8486">>},
 {<<"mimerl">>, <<"67E2D3F571088D5CFD3E550C383094B47159F3EEE8FFA08E64106CDF5E981BE3">>},
 {<<"parse_trans">>, <<"6E6AA8167CB44CC8F39441D05193BE6E6F4E7C2946CB2759F015F8C56B76E5FF">>},
 {<<"ranch">>, <<"2261F9ED9574DCFCC444106B9F6DA155E6E540B2F82BA3D42B339B93673B72A3">>},
 {<<"ssl_verify_fun">>, <<"CF344F5692C82D2CD7554F5EC8FD961548D4FD09E7D22F5B62482E5AEAEBD4B0">>},
 {<<"unicode_util_compat">>, <<"BC84380C9AB48177092F43AC89E4DFA2C6D62B40B8BD132B1059ECC7232F9A78">>},
 {<<"yamerl">>, <<"4FF81FEE2F1F6A46F1700C0D880B24D193DDB74BD14EF42CB0BCF46E81EF2F8E">>}]},
{pkg_hash_ext,[
 {<<"certifi">>, <<"EE68D85DF22E554040CDB4BE100F33873AC6051387BAF6A8F6CE82272340FF1C">>},
 {<<"cowboy">>, <<"3AFDCCB7183CC6F143CB14D3CF51FA00E53DB9EC80CDCD525482F5E99BC41D6B">>},
 {<<"cowlib">>, <<"163B73F6367A7341B33C794C4E88E7DBFE6498AC42DCD69EF44C5BC5507C8DB0">>},
 {<<"hackney">>, <<"FE9094E5F1A2A2C0A7D10918FEE36BFEC0EC2A979994CFF8CFE8058CD9AF38E3">>},
 {<<"idna">>, <<"92376EB7894412ED19AC475E4A86F7B413C1B9FBB5BD16DCCD57934157944CEA">>},
 {<<"jsx">>, <<"0C5CC8FDC11B53CC25CF65AC6705AD39E54ECC56D1C22E4ADB8F5A53FB9427F3">>},
 {<<"metrics">>, <<"69B09ADDDC4F74A40716AE54D140F93BEB0FB8978D8636EADED0C31B6F099F16">>},
 {<<"mimerl">>, <<"F278585650AA581986264638EBF698F8BB19DF297F66AD91B18910DFC6E19323">>},
 {<<"parse_trans">>, <<"620A406CE75DADA827B82E453C19CF06776BE266F5A67CFF34E1EF2CBB60E49A">>},
 {<<"ranch">>, <<"244EE3FA2A6175270D8E1FC59024FD9DBC76294A321057DE8F803B1479E76916">>},
 {<<"ssl_verify_fun">>, <<"BDB0D2471F453C88FF3908E7686F86F9BE327D065CC1EC16FA4540197EA04680">>},
 {<<"unicode_util_compat">>, <<"25EEE6D67DF61960CF6A794239566599B09E17E668D3700247BC498638152521">>},
 {<<"yamerl">>, <<"346ADB2963F1051DC837A2364E4ACF6EB7D80097C0F53CBDC3046EC8EC4B4E6E">>}]}
].
